// !$*UTF8*$!
{
	archiveVersion = 1;
	classes = {
	};
	objectVersion = 56;
	objects = {

/* Begin PBXBuildFile section */
		8D0666E92AB7D5690057F16D /* PopupManagerExampleApp.swift in Sources */ = {isa = PBXBuildFile; fileRef = 8D0666E82AB7D5690057F16D /* PopupManagerExampleApp.swift */; };
		8D0666EB2AB7D5690057F16D /* ContentView.swift in Sources */ = {isa = PBXBuildFile; fileRef = 8D0666EA2AB7D5690057F16D /* ContentView.swift */; };
		8D0666ED2AB7D5690057F16D /* Assets.xcassets in Resources */ = {isa = PBXBuildFile; fileRef = 8D0666EC2AB7D5690057F16D /* Assets.xcassets */; };
		8D0666F02AB7D5690057F16D /* Preview Assets.xcassets in Resources */ = {isa = PBXBuildFile; fileRef = 8D0666EF2AB7D5690057F16D /* Preview Assets.xcassets */; };
		8D0666F82AB7D5AB0057F16D /* PopupManager in Frameworks */ = {isa = PBXBuildFile; productRef = 8D0666F72AB7D5AB0057F16D /* PopupManager */; };
		8D0666FB2AB7D6350057F16D /* MarkdownUI in Frameworks */ = {isa = PBXBuildFile; productRef = 8D0666FA2AB7D6350057F16D /* MarkdownUI */; };
		8D22E7FD2ABA3B1B00CBB541 /* CellView.swift in Sources */ = {isa = PBXBuildFile; fileRef = 8D22E7FC2ABA3B1B00CBB541 /* CellView.swift */; };
		8D22E7FF2ABA3C7900CBB541 /* PMPopup.swift in Sources */ = {isa = PBXBuildFile; fileRef = 8D22E7FE2ABA3C7900CBB541 /* PMPopup.swift */; };
		8D22E8012ABA3CE200CBB541 /* PopupView.swift in Sources */ = {isa = PBXBuildFile; fileRef = 8D22E8002ABA3CE200CBB541 /* PopupView.swift */; };
		8D3E39912ABFE4C2002D0EC3 /* AdHocLinkView.swift in Sources */ = {isa = PBXBuildFile; fileRef = 8D3E39902ABFE4C2002D0EC3 /* AdHocLinkView.swift */; };
		8D6470D02ABD2276002688C4 /* CodeBlock.swift in Sources */ = {isa = PBXBuildFile; fileRef = 8D6470CF2ABD2276002688C4 /* CodeBlock.swift */; };
		8D6470D22ABD29BE002688C4 /* PLPopup.swift in Sources */ = {isa = PBXBuildFile; fileRef = 8D6470D12ABD29BE002688C4 /* PLPopup.swift */; };
		8D6470D52ABD2B7F002688C4 /* Splash in Frameworks */ = {isa = PBXBuildFile; productRef = 8D6470D42ABD2B7F002688C4 /* Splash */; };
		8D6470D82ABD3237002688C4 /* TextShortcutPLView.swift in Sources */ = {isa = PBXBuildFile; fileRef = 8D6470D72ABD3237002688C4 /* TextShortcutPLView.swift */; };
		8D83307F2AB938AF00807527 /* IntroView.swift in Sources */ = {isa = PBXBuildFile; fileRef = 8D83307E2AB938AF00807527 /* IntroView.swift */; };
		8D8330822AB93E2E00807527 /* IntroPopup.swift in Sources */ = {isa = PBXBuildFile; fileRef = 8D8330812AB93E2E00807527 /* IntroPopup.swift */; };
		8D8330852AB942C200807527 /* BasicsView.swift in Sources */ = {isa = PBXBuildFile; fileRef = 8D8330842AB942C200807527 /* BasicsView.swift */; };
		8D8330882AB947CA00807527 /* LinkFormat.swift in Sources */ = {isa = PBXBuildFile; fileRef = 8D8330872AB947CA00807527 /* LinkFormat.swift */; };
		8DA3CDFC2ABF830F00B55CE2 /* DismissView.swift in Sources */ = {isa = PBXBuildFile; fileRef = 8DA3CDFB2ABF830F00B55CE2 /* DismissView.swift */; };
		8DA3CDFE2ABF85A800B55CE2 /* DismissEnvKeyView.swift in Sources */ = {isa = PBXBuildFile; fileRef = 8DA3CDFD2ABF85A800B55CE2 /* DismissEnvKeyView.swift */; };
		8DA3CE012ABF8BD500B55CE2 /* ClearStackOne.swift in Sources */ = {isa = PBXBuildFile; fileRef = 8DA3CE002ABF8BD500B55CE2 /* ClearStackOne.swift */; };
		8DA3CE032ABF8C1F00B55CE2 /* ClearStackTwo.swift in Sources */ = {isa = PBXBuildFile; fileRef = 8DA3CE022ABF8C1F00B55CE2 /* ClearStackTwo.swift */; };
		8DA3CE072ABFBAE900B55CE2 /* ParamDetailsView.swift in Sources */ = {isa = PBXBuildFile; fileRef = 8DA3CE062ABFBAE900B55CE2 /* ParamDetailsView.swift */; };
		8DD784472ABE91D6000BF3EF /* InfoPopupView.swift in Sources */ = {isa = PBXBuildFile; fileRef = 8DD784462ABE91D6000BF3EF /* InfoPopupView.swift */; };
		8DD784492ABE98D2000BF3EF /* ViewModifierPLView.swift in Sources */ = {isa = PBXBuildFile; fileRef = 8DD784482ABE98D2000BF3EF /* ViewModifierPLView.swift */; };
/* End PBXBuildFile section */

/* Begin PBXFileReference section */
		8D0666E52AB7D5690057F16D /* PopupManagerExample.app */ = {isa = PBXFileReference; explicitFileType = wrapper.application; includeInIndex = 0; path = PopupManagerExample.app; sourceTree = BUILT_PRODUCTS_DIR; };
		8D0666E82AB7D5690057F16D /* PopupManagerExampleApp.swift */ = {isa = PBXFileReference; lastKnownFileType = sourcecode.swift; path = PopupManagerExampleApp.swift; sourceTree = "<group>"; };
		8D0666EA2AB7D5690057F16D /* ContentView.swift */ = {isa = PBXFileReference; lastKnownFileType = sourcecode.swift; path = ContentView.swift; sourceTree = "<group>"; };
		8D0666EC2AB7D5690057F16D /* Assets.xcassets */ = {isa = PBXFileReference; lastKnownFileType = folder.assetcatalog; path = Assets.xcassets; sourceTree = "<group>"; };
		8D0666EF2AB7D5690057F16D /* Preview Assets.xcassets */ = {isa = PBXFileReference; lastKnownFileType = folder.assetcatalog; path = "Preview Assets.xcassets"; sourceTree = "<group>"; };
		8D22E7FC2ABA3B1B00CBB541 /* CellView.swift */ = {isa = PBXFileReference; lastKnownFileType = sourcecode.swift; path = CellView.swift; sourceTree = "<group>"; };
		8D22E7FE2ABA3C7900CBB541 /* PMPopup.swift */ = {isa = PBXFileReference; lastKnownFileType = sourcecode.swift; path = PMPopup.swift; sourceTree = "<group>"; };
		8D22E8002ABA3CE200CBB541 /* PopupView.swift */ = {isa = PBXFileReference; lastKnownFileType = sourcecode.swift; path = PopupView.swift; sourceTree = "<group>"; };
		8D3E39902ABFE4C2002D0EC3 /* AdHocLinkView.swift */ = {isa = PBXFileReference; lastKnownFileType = sourcecode.swift; path = AdHocLinkView.swift; sourceTree = "<group>"; };
		8D6470CF2ABD2276002688C4 /* CodeBlock.swift */ = {isa = PBXFileReference; lastKnownFileType = sourcecode.swift; path = CodeBlock.swift; sourceTree = "<group>"; };
		8D6470D12ABD29BE002688C4 /* PLPopup.swift */ = {isa = PBXFileReference; lastKnownFileType = sourcecode.swift; path = PLPopup.swift; sourceTree = "<group>"; };
		8D6470D72ABD3237002688C4 /* TextShortcutPLView.swift */ = {isa = PBXFileReference; lastKnownFileType = sourcecode.swift; path = TextShortcutPLView.swift; sourceTree = "<group>"; };
		8D83307E2AB938AF00807527 /* IntroView.swift */ = {isa = PBXFileReference; lastKnownFileType = sourcecode.swift; path = IntroView.swift; sourceTree = "<group>"; };
		8D8330812AB93E2E00807527 /* IntroPopup.swift */ = {isa = PBXFileReference; lastKnownFileType = sourcecode.swift; path = IntroPopup.swift; sourceTree = "<group>"; };
		8D8330842AB942C200807527 /* BasicsView.swift */ = {isa = PBXFileReference; lastKnownFileType = sourcecode.swift; path = BasicsView.swift; sourceTree = "<group>"; };
		8D8330872AB947CA00807527 /* LinkFormat.swift */ = {isa = PBXFileReference; lastKnownFileType = sourcecode.swift; path = LinkFormat.swift; sourceTree = "<group>"; };
		8D83308A2AB9505400807527 /* popupmanager */ = {isa = PBXFileReference; lastKnownFileType = wrapper; name = popupmanager; path = ..; sourceTree = "<group>"; };
		8DA3CDFB2ABF830F00B55CE2 /* DismissView.swift */ = {isa = PBXFileReference; lastKnownFileType = sourcecode.swift; path = DismissView.swift; sourceTree = "<group>"; };
		8DA3CDFD2ABF85A800B55CE2 /* DismissEnvKeyView.swift */ = {isa = PBXFileReference; lastKnownFileType = sourcecode.swift; path = DismissEnvKeyView.swift; sourceTree = "<group>"; };
		8DA3CE002ABF8BD500B55CE2 /* ClearStackOne.swift */ = {isa = PBXFileReference; lastKnownFileType = sourcecode.swift; path = ClearStackOne.swift; sourceTree = "<group>"; };
		8DA3CE022ABF8C1F00B55CE2 /* ClearStackTwo.swift */ = {isa = PBXFileReference; lastKnownFileType = sourcecode.swift; path = ClearStackTwo.swift; sourceTree = "<group>"; };
		8DA3CE062ABFBAE900B55CE2 /* ParamDetailsView.swift */ = {isa = PBXFileReference; lastKnownFileType = sourcecode.swift; path = ParamDetailsView.swift; sourceTree = "<group>"; };
		8DD784462ABE91D6000BF3EF /* InfoPopupView.swift */ = {isa = PBXFileReference; lastKnownFileType = sourcecode.swift; path = InfoPopupView.swift; sourceTree = "<group>"; };
		8DD784482ABE98D2000BF3EF /* ViewModifierPLView.swift */ = {isa = PBXFileReference; lastKnownFileType = sourcecode.swift; path = ViewModifierPLView.swift; sourceTree = "<group>"; };
/* End PBXFileReference section */

/* Begin PBXFrameworksBuildPhase section */
		8D0666E22AB7D5690057F16D /* Frameworks */ = {
			isa = PBXFrameworksBuildPhase;
			buildActionMask = 2147483647;
			files = (
				8D0666F82AB7D5AB0057F16D /* PopupManager in Frameworks */,
				8D0666FB2AB7D6350057F16D /* MarkdownUI in Frameworks */,
				8D6470D52ABD2B7F002688C4 /* Splash in Frameworks */,
			);
			runOnlyForDeploymentPostprocessing = 0;
		};
/* End PBXFrameworksBuildPhase section */

/* Begin PBXGroup section */
		8D0666DC2AB7D5690057F16D = {
			isa = PBXGroup;
			children = (
				8D8330892AB9505400807527 /* Packages */,
				8D0666E72AB7D5690057F16D /* PopupManagerExample */,
				8D0666E62AB7D5690057F16D /* Products */,
			);
			sourceTree = "<group>";
		};
		8D0666E62AB7D5690057F16D /* Products */ = {
			isa = PBXGroup;
			children = (
				8D0666E52AB7D5690057F16D /* PopupManagerExample.app */,
			);
			name = Products;
			sourceTree = "<group>";
		};
		8D0666E72AB7D5690057F16D /* PopupManagerExample */ = {
			isa = PBXGroup;
			children = (
				8D8330862AB9479900807527 /* Components */,
				8DA3CDFA2ABF82E000B55CE2 /* Dismiss */,
				8D8330832AB9429400807527 /* Basics */,
				8D8330802AB93DF400807527 /* Intro */,
				8D0666E82AB7D5690057F16D /* PopupManagerExampleApp.swift */,
				8D0666EA2AB7D5690057F16D /* ContentView.swift */,
				8D0666EC2AB7D5690057F16D /* Assets.xcassets */,
				8D0666EE2AB7D5690057F16D /* Preview Content */,
			);
			path = PopupManagerExample;
			sourceTree = "<group>";
		};
		8D0666EE2AB7D5690057F16D /* Preview Content */ = {
			isa = PBXGroup;
			children = (
				8D0666EF2AB7D5690057F16D /* Preview Assets.xcassets */,
			);
			path = "Preview Content";
			sourceTree = "<group>";
		};
		8D6470D62ABD3103002688C4 /* PLPopup */ = {
			isa = PBXGroup;
			children = (
				8D6470D12ABD29BE002688C4 /* PLPopup.swift */,
				8D6470D72ABD3237002688C4 /* TextShortcutPLView.swift */,
				8DD784482ABE98D2000BF3EF /* ViewModifierPLView.swift */,
				8DA3CE062ABFBAE900B55CE2 /* ParamDetailsView.swift */,
				8D3E39902ABFE4C2002D0EC3 /* AdHocLinkView.swift */,
			);
			path = PLPopup;
			sourceTree = "<group>";
		};
		8D8330802AB93DF400807527 /* Intro */ = {
			isa = PBXGroup;
			children = (
				8D83307E2AB938AF00807527 /* IntroView.swift */,
				8D8330812AB93E2E00807527 /* IntroPopup.swift */,
			);
			path = Intro;
			sourceTree = "<group>";
		};
		8D8330832AB9429400807527 /* Basics */ = {
			isa = PBXGroup;
			children = (
				8D6470D62ABD3103002688C4 /* PLPopup */,
				8D8330842AB942C200807527 /* BasicsView.swift */,
				8D22E7FE2ABA3C7900CBB541 /* PMPopup.swift */,
			);
			path = Basics;
			sourceTree = "<group>";
		};
		8D8330862AB9479900807527 /* Components */ = {
			isa = PBXGroup;
			children = (
				8D8330872AB947CA00807527 /* LinkFormat.swift */,
				8D22E7FC2ABA3B1B00CBB541 /* CellView.swift */,
				8D22E8002ABA3CE200CBB541 /* PopupView.swift */,
				8D6470CF2ABD2276002688C4 /* CodeBlock.swift */,
				8DD784462ABE91D6000BF3EF /* InfoPopupView.swift */,
			);
			path = Components;
			sourceTree = "<group>";
		};
		8D8330892AB9505400807527 /* Packages */ = {
			isa = PBXGroup;
			children = (
				8D83308A2AB9505400807527 /* popupmanager */,
			);
			name = Packages;
			sourceTree = "<group>";
		};
		8DA3CDFA2ABF82E000B55CE2 /* Dismiss */ = {
			isa = PBXGroup;
			children = (
				8DA3CDFB2ABF830F00B55CE2 /* DismissView.swift */,
				8DA3CDFD2ABF85A800B55CE2 /* DismissEnvKeyView.swift */,
				8DA3CDFF2ABF8B5A00B55CE2 /* ClearStackView */,
			);
			path = Dismiss;
			sourceTree = "<group>";
		};
		8DA3CDFF2ABF8B5A00B55CE2 /* ClearStackView */ = {
			isa = PBXGroup;
			children = (
				8DA3CE002ABF8BD500B55CE2 /* ClearStackOne.swift */,
				8DA3CE022ABF8C1F00B55CE2 /* ClearStackTwo.swift */,
			);
			path = ClearStackView;
			sourceTree = "<group>";
		};
/* End PBXGroup section */

/* Begin PBXNativeTarget section */
		8D0666E42AB7D5690057F16D /* PopupManagerExample */ = {
			isa = PBXNativeTarget;
			buildConfigurationList = 8D0666F32AB7D5690057F16D /* Build configuration list for PBXNativeTarget "PopupManagerExample" */;
			buildPhases = (
				8D0666E12AB7D5690057F16D /* Sources */,
				8D0666E22AB7D5690057F16D /* Frameworks */,
				8D0666E32AB7D5690057F16D /* Resources */,
			);
			buildRules = (
			);
			dependencies = (
			);
			name = PopupManagerExample;
			packageProductDependencies = (
				8D0666F72AB7D5AB0057F16D /* PopupManager */,
				8D0666FA2AB7D6350057F16D /* MarkdownUI */,
				8D6470D42ABD2B7F002688C4 /* Splash */,
			);
			productName = PopupManagerExample;
			productReference = 8D0666E52AB7D5690057F16D /* PopupManagerExample.app */;
			productType = "com.apple.product-type.application";
		};
/* End PBXNativeTarget section */

/* Begin PBXProject section */
		8D0666DD2AB7D5690057F16D /* Project object */ = {
			isa = PBXProject;
			attributes = {
				BuildIndependentTargetsInParallel = 1;
				LastSwiftUpdateCheck = 1430;
				LastUpgradeCheck = 1430;
				TargetAttributes = {
					8D0666E42AB7D5690057F16D = {
						CreatedOnToolsVersion = 14.3.1;
					};
				};
			};
			buildConfigurationList = 8D0666E02AB7D5690057F16D /* Build configuration list for PBXProject "PopupManagerExample" */;
			compatibilityVersion = "Xcode 14.0";
			developmentRegion = en;
			hasScannedForEncodings = 0;
			knownRegions = (
				en,
				Base,
			);
			mainGroup = 8D0666DC2AB7D5690057F16D;
			packageReferences = (
				8D0666F62AB7D5AB0057F16D /* XCRemoteSwiftPackageReference "PopupManager" */,
				8D0666F92AB7D6350057F16D /* XCRemoteSwiftPackageReference "swift-markdown-ui" */,
				8D6470D32ABD2B7F002688C4 /* XCRemoteSwiftPackageReference "Splash" */,
			);
			productRefGroup = 8D0666E62AB7D5690057F16D /* Products */;
			projectDirPath = "";
			projectRoot = "";
			targets = (
				8D0666E42AB7D5690057F16D /* PopupManagerExample */,
			);
		};
/* End PBXProject section */

/* Begin PBXResourcesBuildPhase section */
		8D0666E32AB7D5690057F16D /* Resources */ = {
			isa = PBXResourcesBuildPhase;
			buildActionMask = 2147483647;
			files = (
				8D0666F02AB7D5690057F16D /* Preview Assets.xcassets in Resources */,
				8D0666ED2AB7D5690057F16D /* Assets.xcassets in Resources */,
			);
			runOnlyForDeploymentPostprocessing = 0;
		};
/* End PBXResourcesBuildPhase section */

/* Begin PBXSourcesBuildPhase section */
		8D0666E12AB7D5690057F16D /* Sources */ = {
			isa = PBXSourcesBuildPhase;
			buildActionMask = 2147483647;
			files = (
				8DA3CE072ABFBAE900B55CE2 /* ParamDetailsView.swift in Sources */,
				8DA3CE012ABF8BD500B55CE2 /* ClearStackOne.swift in Sources */,
				8DA3CE032ABF8C1F00B55CE2 /* ClearStackTwo.swift in Sources */,
				8D22E8012ABA3CE200CBB541 /* PopupView.swift in Sources */,
				8D0666EB2AB7D5690057F16D /* ContentView.swift in Sources */,
				8D6470D02ABD2276002688C4 /* CodeBlock.swift in Sources */,
				8D22E7FF2ABA3C7900CBB541 /* PMPopup.swift in Sources */,
				8D0666E92AB7D5690057F16D /* PopupManagerExampleApp.swift in Sources */,
				8D8330882AB947CA00807527 /* LinkFormat.swift in Sources */,
				8D83307F2AB938AF00807527 /* IntroView.swift in Sources */,
				8D6470D82ABD3237002688C4 /* TextShortcutPLView.swift in Sources */,
				8DD784492ABE98D2000BF3EF /* ViewModifierPLView.swift in Sources */,
				8D8330822AB93E2E00807527 /* IntroPopup.swift in Sources */,
				8D8330852AB942C200807527 /* BasicsView.swift in Sources */,
				8DA3CDFE2ABF85A800B55CE2 /* DismissEnvKeyView.swift in Sources */,
				8DA3CDFC2ABF830F00B55CE2 /* DismissView.swift in Sources */,
				8DD784472ABE91D6000BF3EF /* InfoPopupView.swift in Sources */,
				8D22E7FD2ABA3B1B00CBB541 /* CellView.swift in Sources */,
				8D3E39912ABFE4C2002D0EC3 /* AdHocLinkView.swift in Sources */,
				8D6470D22ABD29BE002688C4 /* PLPopup.swift in Sources */,
			);
			runOnlyForDeploymentPostprocessing = 0;
		};
/* End PBXSourcesBuildPhase section */

/* Begin XCBuildConfiguration section */
		8D0666F12AB7D5690057F16D /* Debug */ = {
			isa = XCBuildConfiguration;
			buildSettings = {
				ALWAYS_SEARCH_USER_PATHS = NO;
				CLANG_ANALYZER_NONNULL = YES;
				CLANG_ANALYZER_NUMBER_OBJECT_CONVERSION = YES_AGGRESSIVE;
				CLANG_CXX_LANGUAGE_STANDARD = "gnu++20";
				CLANG_ENABLE_MODULES = YES;
				CLANG_ENABLE_OBJC_ARC = YES;
				CLANG_ENABLE_OBJC_WEAK = YES;
				CLANG_WARN_BLOCK_CAPTURE_AUTORELEASING = YES;
				CLANG_WARN_BOOL_CONVERSION = YES;
				CLANG_WARN_COMMA = YES;
				CLANG_WARN_CONSTANT_CONVERSION = YES;
				CLANG_WARN_DEPRECATED_OBJC_IMPLEMENTATIONS = YES;
				CLANG_WARN_DIRECT_OBJC_ISA_USAGE = YES_ERROR;
				CLANG_WARN_DOCUMENTATION_COMMENTS = YES;
				CLANG_WARN_EMPTY_BODY = YES;
				CLANG_WARN_ENUM_CONVERSION = YES;
				CLANG_WARN_INFINITE_RECURSION = YES;
				CLANG_WARN_INT_CONVERSION = YES;
				CLANG_WARN_NON_LITERAL_NULL_CONVERSION = YES;
				CLANG_WARN_OBJC_IMPLICIT_RETAIN_SELF = YES;
				CLANG_WARN_OBJC_LITERAL_CONVERSION = YES;
				CLANG_WARN_OBJC_ROOT_CLASS = YES_ERROR;
				CLANG_WARN_QUOTED_INCLUDE_IN_FRAMEWORK_HEADER = YES;
				CLANG_WARN_RANGE_LOOP_ANALYSIS = YES;
				CLANG_WARN_STRICT_PROTOTYPES = YES;
				CLANG_WARN_SUSPICIOUS_MOVE = YES;
				CLANG_WARN_UNGUARDED_AVAILABILITY = YES_AGGRESSIVE;
				CLANG_WARN_UNREACHABLE_CODE = YES;
				CLANG_WARN__DUPLICATE_METHOD_MATCH = YES;
				COPY_PHASE_STRIP = NO;
				DEBUG_INFORMATION_FORMAT = dwarf;
				ENABLE_STRICT_OBJC_MSGSEND = YES;
				ENABLE_TESTABILITY = YES;
				GCC_C_LANGUAGE_STANDARD = gnu11;
				GCC_DYNAMIC_NO_PIC = NO;
				GCC_NO_COMMON_BLOCKS = YES;
				GCC_OPTIMIZATION_LEVEL = 0;
				GCC_PREPROCESSOR_DEFINITIONS = (
					"DEBUG=1",
					"$(inherited)",
				);
				GCC_WARN_64_TO_32_BIT_CONVERSION = YES;
				GCC_WARN_ABOUT_RETURN_TYPE = YES_ERROR;
				GCC_WARN_UNDECLARED_SELECTOR = YES;
				GCC_WARN_UNINITIALIZED_AUTOS = YES_AGGRESSIVE;
				GCC_WARN_UNUSED_FUNCTION = YES;
				GCC_WARN_UNUSED_VARIABLE = YES;
				IPHONEOS_DEPLOYMENT_TARGET = 16.4;
				MTL_ENABLE_DEBUG_INFO = INCLUDE_SOURCE;
				MTL_FAST_MATH = YES;
				ONLY_ACTIVE_ARCH = YES;
				SDKROOT = iphoneos;
				SWIFT_ACTIVE_COMPILATION_CONDITIONS = DEBUG;
				SWIFT_OPTIMIZATION_LEVEL = "-Onone";
			};
			name = Debug;
		};
		8D0666F22AB7D5690057F16D /* Release */ = {
			isa = XCBuildConfiguration;
			buildSettings = {
				ALWAYS_SEARCH_USER_PATHS = NO;
				CLANG_ANALYZER_NONNULL = YES;
				CLANG_ANALYZER_NUMBER_OBJECT_CONVERSION = YES_AGGRESSIVE;
				CLANG_CXX_LANGUAGE_STANDARD = "gnu++20";
				CLANG_ENABLE_MODULES = YES;
				CLANG_ENABLE_OBJC_ARC = YES;
				CLANG_ENABLE_OBJC_WEAK = YES;
				CLANG_WARN_BLOCK_CAPTURE_AUTORELEASING = YES;
				CLANG_WARN_BOOL_CONVERSION = YES;
				CLANG_WARN_COMMA = YES;
				CLANG_WARN_CONSTANT_CONVERSION = YES;
				CLANG_WARN_DEPRECATED_OBJC_IMPLEMENTATIONS = YES;
				CLANG_WARN_DIRECT_OBJC_ISA_USAGE = YES_ERROR;
				CLANG_WARN_DOCUMENTATION_COMMENTS = YES;
				CLANG_WARN_EMPTY_BODY = YES;
				CLANG_WARN_ENUM_CONVERSION = YES;
				CLANG_WARN_INFINITE_RECURSION = YES;
				CLANG_WARN_INT_CONVERSION = YES;
				CLANG_WARN_NON_LITERAL_NULL_CONVERSION = YES;
				CLANG_WARN_OBJC_IMPLICIT_RETAIN_SELF = YES;
				CLANG_WARN_OBJC_LITERAL_CONVERSION = YES;
				CLANG_WARN_OBJC_ROOT_CLASS = YES_ERROR;
				CLANG_WARN_QUOTED_INCLUDE_IN_FRAMEWORK_HEADER = YES;
				CLANG_WARN_RANGE_LOOP_ANALYSIS = YES;
				CLANG_WARN_STRICT_PROTOTYPES = YES;
				CLANG_WARN_SUSPICIOUS_MOVE = YES;
				CLANG_WARN_UNGUARDED_AVAILABILITY = YES_AGGRESSIVE;
				CLANG_WARN_UNREACHABLE_CODE = YES;
				CLANG_WARN__DUPLICATE_METHOD_MATCH = YES;
				COPY_PHASE_STRIP = NO;
				DEBUG_INFORMATION_FORMAT = "dwarf-with-dsym";
				ENABLE_NS_ASSERTIONS = NO;
				ENABLE_STRICT_OBJC_MSGSEND = YES;
				GCC_C_LANGUAGE_STANDARD = gnu11;
				GCC_NO_COMMON_BLOCKS = YES;
				GCC_WARN_64_TO_32_BIT_CONVERSION = YES;
				GCC_WARN_ABOUT_RETURN_TYPE = YES_ERROR;
				GCC_WARN_UNDECLARED_SELECTOR = YES;
				GCC_WARN_UNINITIALIZED_AUTOS = YES_AGGRESSIVE;
				GCC_WARN_UNUSED_FUNCTION = YES;
				GCC_WARN_UNUSED_VARIABLE = YES;
				IPHONEOS_DEPLOYMENT_TARGET = 16.4;
				MTL_ENABLE_DEBUG_INFO = NO;
				MTL_FAST_MATH = YES;
				SDKROOT = iphoneos;
				SWIFT_COMPILATION_MODE = wholemodule;
				SWIFT_OPTIMIZATION_LEVEL = "-O";
				VALIDATE_PRODUCT = YES;
			};
			name = Release;
		};
		8D0666F42AB7D5690057F16D /* Debug */ = {
			isa = XCBuildConfiguration;
			buildSettings = {
				ASSETCATALOG_COMPILER_APPICON_NAME = AppIcon;
				ASSETCATALOG_COMPILER_GLOBAL_ACCENT_COLOR_NAME = AccentColor;
				CODE_SIGN_STYLE = Automatic;
				CURRENT_PROJECT_VERSION = 1;
				DEVELOPMENT_ASSET_PATHS = "\"PopupManagerExample/Preview Content\"";
				DEVELOPMENT_TEAM = P5933CSUTV;
				ENABLE_PREVIEWS = YES;
				GENERATE_INFOPLIST_FILE = YES;
				INFOPLIST_KEY_UIApplicationSceneManifest_Generation = YES;
				INFOPLIST_KEY_UIApplicationSupportsIndirectInputEvents = YES;
				INFOPLIST_KEY_UILaunchScreen_Generation = YES;
				INFOPLIST_KEY_UISupportedInterfaceOrientations_iPad = "UIInterfaceOrientationPortrait UIInterfaceOrientationPortraitUpsideDown UIInterfaceOrientationLandscapeLeft UIInterfaceOrientationLandscapeRight";
				INFOPLIST_KEY_UISupportedInterfaceOrientations_iPhone = UIInterfaceOrientationPortrait;
				LD_RUNPATH_SEARCH_PATHS = (
					"$(inherited)",
					"@executable_path/Frameworks",
				);
				MARKETING_VERSION = 1.0;
				PRODUCT_BUNDLE_IDENTIFIER = com.rdcron.PopupManagerExample;
				PRODUCT_NAME = "$(TARGET_NAME)";
				SWIFT_EMIT_LOC_STRINGS = YES;
				SWIFT_VERSION = 5.0;
				TARGETED_DEVICE_FAMILY = "1,2";
			};
			name = Debug;
		};
		8D0666F52AB7D5690057F16D /* Release */ = {
			isa = XCBuildConfiguration;
			buildSettings = {
				ASSETCATALOG_COMPILER_APPICON_NAME = AppIcon;
				ASSETCATALOG_COMPILER_GLOBAL_ACCENT_COLOR_NAME = AccentColor;
				CODE_SIGN_STYLE = Automatic;
				CURRENT_PROJECT_VERSION = 1;
				DEVELOPMENT_ASSET_PATHS = "\"PopupManagerExample/Preview Content\"";
				DEVELOPMENT_TEAM = P5933CSUTV;
				ENABLE_PREVIEWS = YES;
				GENERATE_INFOPLIST_FILE = YES;
				INFOPLIST_KEY_UIApplicationSceneManifest_Generation = YES;
				INFOPLIST_KEY_UIApplicationSupportsIndirectInputEvents = YES;
				INFOPLIST_KEY_UILaunchScreen_Generation = YES;
				INFOPLIST_KEY_UISupportedInterfaceOrientations_iPad = "UIInterfaceOrientationPortrait UIInterfaceOrientationPortraitUpsideDown UIInterfaceOrientationLandscapeLeft UIInterfaceOrientationLandscapeRight";
				INFOPLIST_KEY_UISupportedInterfaceOrientations_iPhone = UIInterfaceOrientationPortrait;
				LD_RUNPATH_SEARCH_PATHS = (
					"$(inherited)",
					"@executable_path/Frameworks",
				);
				MARKETING_VERSION = 1.0;
				PRODUCT_BUNDLE_IDENTIFIER = com.rdcron.PopupManagerExample;
				PRODUCT_NAME = "$(TARGET_NAME)";
				SWIFT_EMIT_LOC_STRINGS = YES;
				SWIFT_VERSION = 5.0;
				TARGETED_DEVICE_FAMILY = "1,2";
			};
			name = Release;
		};
/* End XCBuildConfiguration section */

/* Begin XCConfigurationList section */
		8D0666E02AB7D5690057F16D /* Build configuration list for PBXProject "PopupManagerExample" */ = {
			isa = XCConfigurationList;
			buildConfigurations = (
				8D0666F12AB7D5690057F16D /* Debug */,
				8D0666F22AB7D5690057F16D /* Release */,
			);
			defaultConfigurationIsVisible = 0;
			defaultConfigurationName = Release;
		};
		8D0666F32AB7D5690057F16D /* Build configuration list for PBXNativeTarget "PopupManagerExample" */ = {
			isa = XCConfigurationList;
			buildConfigurations = (
				8D0666F42AB7D5690057F16D /* Debug */,
				8D0666F52AB7D5690057F16D /* Release */,
			);
			defaultConfigurationIsVisible = 0;
			defaultConfigurationName = Release;
		};
/* End XCConfigurationList section */

/* Begin XCRemoteSwiftPackageReference section */
		8D0666F62AB7D5AB0057F16D /* XCRemoteSwiftPackageReference "PopupManager" */ = {
			isa = XCRemoteSwiftPackageReference;
			repositoryURL = "https://github.com/rdcron/PopupManager.git";
			requirement = {
				branch = main;
				kind = branch;
			};
		};
		8D0666F92AB7D6350057F16D /* XCRemoteSwiftPackageReference "swift-markdown-ui" */ = {
			isa = XCRemoteSwiftPackageReference;
			repositoryURL = "https://github.com/gonzalezreal/swift-markdown-ui.git";
			requirement = {
				kind = upToNextMajorVersion;
				minimumVersion = 2.0.0;
			};
		};
		8D6470D32ABD2B7F002688C4 /* XCRemoteSwiftPackageReference "Splash" */ = {
			isa = XCRemoteSwiftPackageReference;
			repositoryURL = "https://github.com/JohnSundell/Splash.git";
			requirement = {
				kind = upToNextMajorVersion;
				minimumVersion = 0.16.0;
			};
		};
/* End XCRemoteSwiftPackageReference section */

/* Begin XCSwiftPackageProductDependency section */
		8D0666F72AB7D5AB0057F16D /* PopupManager */ = {
			isa = XCSwiftPackageProductDependency;
			package = 8D0666F62AB7D5AB0057F16D /* XCRemoteSwiftPackageReference "PopupManager" */;
			productName = PopupManager;
		};
		8D0666FA2AB7D6350057F16D /* MarkdownUI */ = {
			isa = XCSwiftPackageProductDependency;
			package = 8D0666F92AB7D6350057F16D /* XCRemoteSwiftPackageReference "swift-markdown-ui" */;
			productName = MarkdownUI;
		};
		8D6470D42ABD2B7F002688C4 /* Splash */ = {
			isa = XCSwiftPackageProductDependency;
			package = 8D6470D32ABD2B7F002688C4 /* XCRemoteSwiftPackageReference "Splash" */;
			productName = Splash;
		};
/* End XCSwiftPackageProductDependency section */
	};
	rootObject = 8D0666DD2AB7D5690057F16D /* Project object */;
}
